
Microsoft Visual Studio Solution File, Format Version 12.00
# Visual Studio Version 17
VisualStudioVersion = 17.9.34728.123
MinimumVisualStudioVersion = 10.0.40219.1
Project("{FAE04EC0-301F-11D3-BF4B-00C04F79EFBC}") = "CPR-Nummer Opgave", "CPR-Nummer Opgave\CPR-Nummer Opgave.csproj", "{D95DBE01-8E14-41F6-8665-301720AD49EF}"
EndProject
Global
	GlobalSection(SolutionConfigurationPlatforms) = preSolution
		Debug|Any CPU = Debug|Any CPU
		Release|Any CPU = Release|Any CPU
	EndGlobalSection
	GlobalSection(ProjectConfigurationPlatforms) = postSolution
		{D95DBE01-8E14-41F6-8665-301720AD49EF}.Debug|Any CPU.ActiveCfg = Debug|Any CPU
		{D95DBE01-8E14-41F6-8665-301720AD49EF}.Debug|Any CPU.Build.0 = Debug|Any CPU
		{D95DBE01-8E14-41F6-8665-301720AD49EF}.Release|Any CPU.ActiveCfg = Release|Any CPU
		{D95DBE01-8E14-41F6-8665-301720AD49EF}.Release|Any CPU.Build.0 = Release|Any CPU
	EndGlobalSection
	GlobalSection(SolutionProperties) = preSolution
		HideSolutionNode = FALSE
	EndGlobalSection
	GlobalSection(ExtensibilityGlobals) = postSolution
		SolutionGuid = {6DC8F401-0128-4051-AC68-665F76D49CB8}
	EndGlobalSection
EndGlobal
